
Microsoft Visual Studio Solution File, Format Version 12.00
# Visual Studio Version 17
VisualStudioVersion = 17.0.31710.8
MinimumVisualStudioVersion = 10.0.40219.1
Project("{9A19103F-16F7-4668-BE54-9A1E7A4F7556}") = "Nancy", "Nancy\Nancy.csproj", "{561B2C22-CE09-4CFE-9A8D-BD822B456A12}"
EndProject
Project("{9A19103F-16F7-4668-BE54-9A1E7A4F7556}") = "Nancy.Tests", "Nancy.Tests\Nancy.Tests.csproj", "{67B7C873-44C8-4934-8FD2-02EE41A1282B}"
EndProject
Project("{2150E333-8FDC-42A3-9474-1A3956D46DE8}") = "Tests", "Tests", "{63A4B6E7-ACF2-4C4F-A54F-E70B8AF44C77}"
EndProject
Project("{FAE04EC0-301F-11D3-BF4B-00C04F79EFBC}") = "Nancy.LongRational", "Nancy\Nancy.LongRational.csproj", "{8417A468-CAF5-49E6-8D15-DC1C59179299}"
EndProject
Project("{FAE04EC0-301F-11D3-BF4B-00C04F79EFBC}") = "Nancy.Tests.LongRational", "Nancy.Tests\Nancy.Tests.LongRational.csproj", "{43E6419C-6864-4252-AEB9-C399C2DEFF14}"
EndProject
Project("{FAE04EC0-301F-11D3-BF4B-00C04F79EFBC}") = "Nancy.Interactive", "Nancy.Interactive\Nancy.Interactive.csproj", "{AF600DEF-C398-4B6F-82C1-61F6AA654BB8}"
EndProject
Project("{FAE04EC0-301F-11D3-BF4B-00C04F79EFBC}") = "Nancy.Interactive.Local", "Nancy.Interactive\Nancy.Interactive.Local.csproj", "{AADCA210-32CF-4EDE-BA8E-00E171F8838E}"
EndProject
Project("{2150E333-8FDC-42A3-9474-1A3956D46DE8}") = "Interactive", "Interactive", "{B50A07D1-7C93-474F-98E8-50F3A6077F56}"
EndProject
Global
	GlobalSection(SolutionConfigurationPlatforms) = preSolution
		Debug|Any CPU = Debug|Any CPU
		Release|Any CPU = Release|Any CPU
	EndGlobalSection
	GlobalSection(ProjectConfigurationPlatforms) = postSolution
		{561B2C22-CE09-4CFE-9A8D-BD822B456A12}.Debug|Any CPU.ActiveCfg = Debug|Any CPU
		{561B2C22-CE09-4CFE-9A8D-BD822B456A12}.Debug|Any CPU.Build.0 = Debug|Any CPU
		{561B2C22-CE09-4CFE-9A8D-BD822B456A12}.Release|Any CPU.ActiveCfg = Release|Any CPU
		{561B2C22-CE09-4CFE-9A8D-BD822B456A12}.Release|Any CPU.Build.0 = Release|Any CPU
		{67B7C873-44C8-4934-8FD2-02EE41A1282B}.Debug|Any CPU.ActiveCfg = Debug|Any CPU
		{67B7C873-44C8-4934-8FD2-02EE41A1282B}.Debug|Any CPU.Build.0 = Debug|Any CPU
		{67B7C873-44C8-4934-8FD2-02EE41A1282B}.Release|Any CPU.ActiveCfg = Release|Any CPU
		{67B7C873-44C8-4934-8FD2-02EE41A1282B}.Release|Any CPU.Build.0 = Release|Any CPU
		{8417A468-CAF5-49E6-8D15-DC1C59179299}.Debug|Any CPU.ActiveCfg = Debug|Any CPU
		{8417A468-CAF5-49E6-8D15-DC1C59179299}.Debug|Any CPU.Build.0 = Debug|Any CPU
		{8417A468-CAF5-49E6-8D15-DC1C59179299}.Release|Any CPU.ActiveCfg = Release|Any CPU
		{8417A468-CAF5-49E6-8D15-DC1C59179299}.Release|Any CPU.Build.0 = Release|Any CPU
		{43E6419C-6864-4252-AEB9-C399C2DEFF14}.Debug|Any CPU.ActiveCfg = Debug|Any CPU
		{43E6419C-6864-4252-AEB9-C399C2DEFF14}.Debug|Any CPU.Build.0 = Debug|Any CPU
		{43E6419C-6864-4252-AEB9-C399C2DEFF14}.Release|Any CPU.ActiveCfg = Release|Any CPU
		{43E6419C-6864-4252-AEB9-C399C2DEFF14}.Release|Any CPU.Build.0 = Release|Any CPU
		{AF600DEF-C398-4B6F-82C1-61F6AA654BB8}.Debug|Any CPU.ActiveCfg = Debug|Any CPU
		{AF600DEF-C398-4B6F-82C1-61F6AA654BB8}.Debug|Any CPU.Build.0 = Debug|Any CPU
		{AF600DEF-C398-4B6F-82C1-61F6AA654BB8}.Release|Any CPU.ActiveCfg = Release|Any CPU
		{AF600DEF-C398-4B6F-82C1-61F6AA654BB8}.Release|Any CPU.Build.0 = Release|Any CPU
		{AADCA210-32CF-4EDE-BA8E-00E171F8838E}.Debug|Any CPU.ActiveCfg = Debug|Any CPU
		{AADCA210-32CF-4EDE-BA8E-00E171F8838E}.Debug|Any CPU.Build.0 = Debug|Any CPU
		{AADCA210-32CF-4EDE-BA8E-00E171F8838E}.Release|Any CPU.ActiveCfg = Release|Any CPU
		{AADCA210-32CF-4EDE-BA8E-00E171F8838E}.Release|Any CPU.Build.0 = Release|Any CPU
	EndGlobalSection
	GlobalSection(SolutionProperties) = preSolution
		HideSolutionNode = FALSE
	EndGlobalSection
	GlobalSection(NestedProjects) = preSolution
		{67B7C873-44C8-4934-8FD2-02EE41A1282B} = {63A4B6E7-ACF2-4C4F-A54F-E70B8AF44C77}
		{43E6419C-6864-4252-AEB9-C399C2DEFF14} = {63A4B6E7-ACF2-4C4F-A54F-E70B8AF44C77}
		{AF600DEF-C398-4B6F-82C1-61F6AA654BB8} = {B50A07D1-7C93-474F-98E8-50F3A6077F56}
		{AADCA210-32CF-4EDE-BA8E-00E171F8838E} = {B50A07D1-7C93-474F-98E8-50F3A6077F56}
	EndGlobalSection
	GlobalSection(ExtensibilityGlobals) = postSolution
		SolutionGuid = {8B378BEB-8939-431D-9E23-562DEF7D5F5D}
	EndGlobalSection
EndGlobal
